
Microsoft Visual Studio Solution File, Format Version 11.00
# Visual C# Express 2010
Project("{FAE04EC0-301F-11D3-BF4B-00C04F79EFBC}") = "ADV3-FLUTUANTES", "ADV3-FLUTUANTES\ADV3-FLUTUANTES.csproj", "{BDF37509-B611-420F-AB44-190DB1DD18CD}"
EndProject
Global
	GlobalSection(SolutionConfigurationPlatforms) = preSolution
		Debug|x86 = Debug|x86
		Release|x86 = Release|x86
	EndGlobalSection
	GlobalSection(ProjectConfigurationPlatforms) = postSolution
		{BDF37509-B611-420F-AB44-190DB1DD18CD}.Debug|x86.ActiveCfg = Debug|x86
		{BDF37509-B611-420F-AB44-190DB1DD18CD}.Debug|x86.Build.0 = Debug|x86
		{BDF37509-B611-420F-AB44-190DB1DD18CD}.Release|x86.ActiveCfg = Release|x86
		{BDF37509-B611-420F-AB44-190DB1DD18CD}.Release|x86.Build.0 = Release|x86
	EndGlobalSection
	GlobalSection(SolutionProperties) = preSolution
		HideSolutionNode = FALSE
	EndGlobalSection
EndGlobal
