
Microsoft Visual Studio Solution File, Format Version 11.00
# Visual C# Express 2010
Project("{FAE04EC0-301F-11D3-BF4B-00C04F79EFBC}") = "ADV-11_WHILE", "ADV-11_WHILE\ADV-11_WHILE.csproj", "{FE3E85D1-CB15-4185-B66F-6441FD43848C}"
EndProject
Global
	GlobalSection(SolutionConfigurationPlatforms) = preSolution
		Debug|x86 = Debug|x86
		Release|x86 = Release|x86
	EndGlobalSection
	GlobalSection(ProjectConfigurationPlatforms) = postSolution
		{FE3E85D1-CB15-4185-B66F-6441FD43848C}.Debug|x86.ActiveCfg = Debug|x86
		{FE3E85D1-CB15-4185-B66F-6441FD43848C}.Debug|x86.Build.0 = Debug|x86
		{FE3E85D1-CB15-4185-B66F-6441FD43848C}.Release|x86.ActiveCfg = Release|x86
		{FE3E85D1-CB15-4185-B66F-6441FD43848C}.Release|x86.Build.0 = Release|x86
	EndGlobalSection
	GlobalSection(SolutionProperties) = preSolution
		HideSolutionNode = FALSE
	EndGlobalSection
EndGlobal
