
Microsoft Visual Studio Solution File, Format Version 11.00
# Visual C# Express 2010
Project("{FAE04EC0-301F-11D3-BF4B-00C04F79EFBC}") = "ADV3-FLUTUANTES1", "ADV3-FLUTUANTES1\ADV3-FLUTUANTES1.csproj", "{BFD83EB4-C3C6-476B-9CF9-B3FC129B891A}"
EndProject
Global
	GlobalSection(SolutionConfigurationPlatforms) = preSolution
		Debug|x86 = Debug|x86
		Release|x86 = Release|x86
	EndGlobalSection
	GlobalSection(ProjectConfigurationPlatforms) = postSolution
		{BFD83EB4-C3C6-476B-9CF9-B3FC129B891A}.Debug|x86.ActiveCfg = Debug|x86
		{BFD83EB4-C3C6-476B-9CF9-B3FC129B891A}.Debug|x86.Build.0 = Debug|x86
		{BFD83EB4-C3C6-476B-9CF9-B3FC129B891A}.Release|x86.ActiveCfg = Release|x86
		{BFD83EB4-C3C6-476B-9CF9-B3FC129B891A}.Release|x86.Build.0 = Release|x86
	EndGlobalSection
	GlobalSection(SolutionProperties) = preSolution
		HideSolutionNode = FALSE
	EndGlobalSection
EndGlobal
