
Microsoft Visual Studio Solution File, Format Version 11.00
# Visual C# Express 2010
Project("{FAE04EC0-301F-11D3-BF4B-00C04F79EFBC}") = "ADV-21_HERANCA", "ADV-21_HERANCA\ADV-21_HERANCA.csproj", "{B88DB4BA-3D78-42E2-AD87-0E619E78D9CC}"
EndProject
Global
	GlobalSection(SolutionConfigurationPlatforms) = preSolution
		Debug|x86 = Debug|x86
		Release|x86 = Release|x86
	EndGlobalSection
	GlobalSection(ProjectConfigurationPlatforms) = postSolution
		{B88DB4BA-3D78-42E2-AD87-0E619E78D9CC}.Debug|x86.ActiveCfg = Debug|x86
		{B88DB4BA-3D78-42E2-AD87-0E619E78D9CC}.Debug|x86.Build.0 = Debug|x86
		{B88DB4BA-3D78-42E2-AD87-0E619E78D9CC}.Release|x86.ActiveCfg = Release|x86
		{B88DB4BA-3D78-42E2-AD87-0E619E78D9CC}.Release|x86.Build.0 = Release|x86
	EndGlobalSection
	GlobalSection(SolutionProperties) = preSolution
		HideSolutionNode = FALSE
	EndGlobalSection
EndGlobal
