
Microsoft Visual Studio Solution File, Format Version 11.00
# Visual C# Express 2010
Project("{FAE04EC0-301F-11D3-BF4B-00C04F79EFBC}") = "ADV-22_ABSTRACT", "ADV-22_ABSTRACT\ADV-22_ABSTRACT.csproj", "{B99BDCCD-0B9B-4801-8D49-9F2F7FDC0CAA}"
EndProject
Global
	GlobalSection(SolutionConfigurationPlatforms) = preSolution
		Debug|x86 = Debug|x86
		Release|x86 = Release|x86
	EndGlobalSection
	GlobalSection(ProjectConfigurationPlatforms) = postSolution
		{B99BDCCD-0B9B-4801-8D49-9F2F7FDC0CAA}.Debug|x86.ActiveCfg = Debug|x86
		{B99BDCCD-0B9B-4801-8D49-9F2F7FDC0CAA}.Debug|x86.Build.0 = Debug|x86
		{B99BDCCD-0B9B-4801-8D49-9F2F7FDC0CAA}.Release|x86.ActiveCfg = Release|x86
		{B99BDCCD-0B9B-4801-8D49-9F2F7FDC0CAA}.Release|x86.Build.0 = Release|x86
	EndGlobalSection
	GlobalSection(SolutionProperties) = preSolution
		HideSolutionNode = FALSE
	EndGlobalSection
EndGlobal
